// !$*UTF8*$!
{
	archiveVersion = 1;
	classes = {
	};
	objectVersion = 46;
	objects = {

/* Begin PBXBuildFile section */
		751C37371C569BB800777DEC /* BLIConstants.m in Sources */ = {isa = PBXBuildFile; fileRef = 751C37361C569BB800777DEC /* BLIConstants.m */; };
		752D67A41A5BFC8F0099045E /* BLIFacadeManager.m in Sources */ = {isa = PBXBuildFile; fileRef = 752D67A31A5BFC8F0099045E /* BLIFacadeManager.m */; };
		7563CD6E1BE8043700BC337D /* AVFoundation.framework in Frameworks */ = {isa = PBXBuildFile; fileRef = 7563CD6D1BE8043700BC337D /* AVFoundation.framework */; };
		7563CD701BE8045700BC337D /* CoreMedia.framework in Frameworks */ = {isa = PBXBuildFile; fileRef = 7563CD6F1BE8045700BC337D /* CoreMedia.framework */; };
		7563CD721BE8046F00BC337D /* AdSupport.framework in Frameworks */ = {isa = PBXBuildFile; fileRef = 7563CD711BE8046F00BC337D /* AdSupport.framework */; };
		7563CD741BE8048900BC337D /* CoreMotion.framework in Frameworks */ = {isa = PBXBuildFile; fileRef = 7563CD731BE8048900BC337D /* CoreMotion.framework */; };
		7563CD761BE804A400BC337D /* StoreKit.framework in Frameworks */ = {isa = PBXBuildFile; fileRef = 7563CD751BE804A400BC337D /* StoreKit.framework */; };
		75731EF61C56AF9100330424 /* BLILandingViewController.m in Sources */ = {isa = PBXBuildFile; fileRef = 75731EF51C56AF9100330424 /* BLILandingViewController.m */; };
		75731EFB1C56B44F00330424 /* BLILoginViewController.m in Sources */ = {isa = PBXBuildFile; fileRef = 75731EFA1C56B44F00330424 /* BLILoginViewController.m */; };
		75731EFE1C56C5FB00330424 /* BLILoginProcessViewController.m in Sources */ = {isa = PBXBuildFile; fileRef = 75731EFD1C56C5FB00330424 /* BLILoginProcessViewController.m */; };
		75731F011C56E17C00330424 /* BLIRegistrationProcessingViewController.m in Sources */ = {isa = PBXBuildFile; fileRef = 75731F001C56E17C00330424 /* BLIRegistrationProcessingViewController.m */; };
		AB586F841A173F8200E8D00E /* main.m in Sources */ = {isa = PBXBuildFile; fileRef = AB586F831A173F8200E8D00E /* main.m */; };
		AB586F8F1A173F8200E8D00E /* Images.xcassets in Resources */ = {isa = PBXBuildFile; fileRef = AB586F8E1A173F8200E8D00E /* Images.xcassets */; };
		AB586F921A173F8200E8D00E /* LaunchScreen.xib in Resources */ = {isa = PBXBuildFile; fileRef = AB586F901A173F8200E8D00E /* LaunchScreen.xib */; };
		AB586F9E1A173F8300E8D00E /* BlinchTests.m in Sources */ = {isa = PBXBuildFile; fileRef = AB586F9D1A173F8300E8D00E /* BlinchTests.m */; };
		AB586FAB1A17495100E8D00E /* BLIHistoryTableViewController.m in Sources */ = {isa = PBXBuildFile; fileRef = AB586FA81A17495100E8D00E /* BLIHistoryTableViewController.m */; };
		AB586FAC1A17495100E8D00E /* BLIHistoryTableViewCell.m in Sources */ = {isa = PBXBuildFile; fileRef = AB586FAA1A17495100E8D00E /* BLIHistoryTableViewCell.m */; };
		AB586FAE1A1749E500E8D00E /* Main.storyboard in Resources */ = {isa = PBXBuildFile; fileRef = AB586FAD1A1749E500E8D00E /* Main.storyboard */; };
		AB586FB91A174A3E00E8D00E /* BLIRegistrationViewController.m in Sources */ = {isa = PBXBuildFile; fileRef = AB586FB01A174A3E00E8D00E /* BLIRegistrationViewController.m */; };
		AB586FBA1A174A3E00E8D00E /* BLICheckInViewController.m in Sources */ = {isa = PBXBuildFile; fileRef = AB586FB21A174A3E00E8D00E /* BLICheckInViewController.m */; };
		AB586FBB1A174A3E00E8D00E /* BLIDrawPartnerViewController.m in Sources */ = {isa = PBXBuildFile; fileRef = AB586FB41A174A3E00E8D00E /* BLIDrawPartnerViewController.m */; };
		AB586FBC1A174A3E00E8D00E /* BLIPickerView.m in Sources */ = {isa = PBXBuildFile; fileRef = AB586FB61A174A3E00E8D00E /* BLIPickerView.m */; };
		AB586FBD1A174A3E00E8D00E /* BLILotteryViewController.m in Sources */ = {isa = PBXBuildFile; fileRef = AB586FB81A174A3E00E8D00E /* BLILotteryViewController.m */; };
		AB586FC01A174CD200E8D00E /* Blunch_Logo640w.png in Resources */ = {isa = PBXBuildFile; fileRef = AB586FBF1A174CD200E8D00E /* Blunch_Logo640w.png */; };
		AB586FC61A17502200E8D00E /* AppDelegate.m in Sources */ = {isa = PBXBuildFile; fileRef = AB586FC51A17502200E8D00E /* AppDelegate.m */; };
		ABFA472C1A272CA300E08D57 /* BLILaunchImage_w2208_h2208.png in Resources */ = {isa = PBXBuildFile; fileRef = ABFA472B1A272CA300E08D57 /* BLILaunchImage_w2208_h2208.png */; };
		ABFA472E1A272D5600E08D57 /* BLILaunchImage_Logo.png in Resources */ = {isa = PBXBuildFile; fileRef = ABFA472D1A272D5600E08D57 /* BLILaunchImage_Logo.png */; };
/* End PBXBuildFile section */

/* Begin PBXContainerItemProxy section */
		AB586F981A173F8200E8D00E /* PBXContainerItemProxy */ = {
			isa = PBXContainerItemProxy;
			containerPortal = AB586F761A173F8200E8D00E /* Project object */;
			proxyType = 1;
			remoteGlobalIDString = AB586F7D1A173F8200E8D00E;
			remoteInfo = Blinch;
		};
/* End PBXContainerItemProxy section */

/* Begin PBXFileReference section */
		751C37351C569BB800777DEC /* BLIConstants.h */ = {isa = PBXFileReference; fileEncoding = 4; lastKnownFileType = sourcecode.c.h; path = BLIConstants.h; sourceTree = "<group>"; };
		751C37361C569BB800777DEC /* BLIConstants.m */ = {isa = PBXFileReference; fileEncoding = 4; lastKnownFileType = sourcecode.c.objc; path = BLIConstants.m; sourceTree = "<group>"; };
		752D67A21A5BFC8F0099045E /* BLIFacadeManager.h */ = {isa = PBXFileReference; fileEncoding = 4; lastKnownFileType = sourcecode.c.h; path = BLIFacadeManager.h; sourceTree = "<group>"; };
		752D67A31A5BFC8F0099045E /* BLIFacadeManager.m */ = {isa = PBXFileReference; fileEncoding = 4; lastKnownFileType = sourcecode.c.objc; path = BLIFacadeManager.m; sourceTree = "<group>"; };
		752D67A61A5C297C0099045E /* Blinch-Prefix.pch */ = {isa = PBXFileReference; lastKnownFileType = sourcecode.c.h; path = "Blinch-Prefix.pch"; sourceTree = "<group>"; };
		7563CD631BE802F600BC337D /* FBAudienceNetwork.framework */ = {isa = PBXFileReference; lastKnownFileType = wrapper.framework; name = FBAudienceNetwork.framework; path = 3rd/FBAudienceNetwork.framework; sourceTree = "<group>"; };
		7563CD641BE802F600BC337D /* FBSDKCoreKit.framework */ = {isa = PBXFileReference; lastKnownFileType = wrapper.framework; name = FBSDKCoreKit.framework; path = 3rd/FBSDKCoreKit.framework; sourceTree = "<group>"; };
		7563CD651BE802F600BC337D /* FBSDKLoginKit.framework */ = {isa = PBXFileReference; lastKnownFileType = wrapper.framework; name = FBSDKLoginKit.framework; path = 3rd/FBSDKLoginKit.framework; sourceTree = "<group>"; };
		7563CD661BE802F600BC337D /* FBSDKMessengerShareKit.framework */ = {isa = PBXFileReference; lastKnownFileType = wrapper.framework; name = FBSDKMessengerShareKit.framework; path = 3rd/FBSDKMessengerShareKit.framework; sourceTree = "<group>"; };
		7563CD671BE802F600BC337D /* FBSDKShareKit.framework */ = {isa = PBXFileReference; lastKnownFileType = wrapper.framework; name = FBSDKShareKit.framework; path = 3rd/FBSDKShareKit.framework; sourceTree = "<group>"; };
		7563CD6D1BE8043700BC337D /* AVFoundation.framework */ = {isa = PBXFileReference; lastKnownFileType = wrapper.framework; name = AVFoundation.framework; path = System/Library/Frameworks/AVFoundation.framework; sourceTree = SDKROOT; };
		7563CD6F1BE8045700BC337D /* CoreMedia.framework */ = {isa = PBXFileReference; lastKnownFileType = wrapper.framework; name = CoreMedia.framework; path = System/Library/Frameworks/CoreMedia.framework; sourceTree = SDKROOT; };
		7563CD711BE8046F00BC337D /* AdSupport.framework */ = {isa = PBXFileReference; lastKnownFileType = wrapper.framework; name = AdSupport.framework; path = System/Library/Frameworks/AdSupport.framework; sourceTree = SDKROOT; };
		7563CD731BE8048900BC337D /* CoreMotion.framework */ = {isa = PBXFileReference; lastKnownFileType = wrapper.framework; name = CoreMotion.framework; path = System/Library/Frameworks/CoreMotion.framework; sourceTree = SDKROOT; };
		7563CD751BE804A400BC337D /* StoreKit.framework */ = {isa = PBXFileReference; lastKnownFileType = wrapper.framework; name = StoreKit.framework; path = System/Library/Frameworks/StoreKit.framework; sourceTree = SDKROOT; };
		75731EF41C56AF9100330424 /* BLILandingViewController.h */ = {isa = PBXFileReference; fileEncoding = 4; lastKnownFileType = sourcecode.c.h; path = BLILandingViewController.h; sourceTree = "<group>"; };
		75731EF51C56AF9100330424 /* BLILandingViewController.m */ = {isa = PBXFileReference; fileEncoding = 4; lastKnownFileType = sourcecode.c.objc; path = BLILandingViewController.m; sourceTree = "<group>"; };
		75731EF91C56B44F00330424 /* BLILoginViewController.h */ = {isa = PBXFileReference; fileEncoding = 4; lastKnownFileType = sourcecode.c.h; path = BLILoginViewController.h; sourceTree = "<group>"; };
		75731EFA1C56B44F00330424 /* BLILoginViewController.m */ = {isa = PBXFileReference; fileEncoding = 4; lastKnownFileType = sourcecode.c.objc; path = BLILoginViewController.m; sourceTree = "<group>"; };
		75731EFC1C56C5FB00330424 /* BLILoginProcessViewController.h */ = {isa = PBXFileReference; fileEncoding = 4; lastKnownFileType = sourcecode.c.h; path = BLILoginProcessViewController.h; sourceTree = "<group>"; };
		75731EFD1C56C5FB00330424 /* BLILoginProcessViewController.m */ = {isa = PBXFileReference; fileEncoding = 4; lastKnownFileType = sourcecode.c.objc; path = BLILoginProcessViewController.m; sourceTree = "<group>"; };
		75731EFF1C56E17C00330424 /* BLIRegistrationProcessingViewController.h */ = {isa = PBXFileReference; fileEncoding = 4; lastKnownFileType = sourcecode.c.h; path = BLIRegistrationProcessingViewController.h; sourceTree = "<group>"; };
		75731F001C56E17C00330424 /* BLIRegistrationProcessingViewController.m */ = {isa = PBXFileReference; fileEncoding = 4; lastKnownFileType = sourcecode.c.objc; path = BLIRegistrationProcessingViewController.m; sourceTree = "<group>"; };
		AB586F7E1A173F8200E8D00E /* Blinch.app */ = {isa = PBXFileReference; explicitFileType = wrapper.application; includeInIndex = 0; path = Blinch.app; sourceTree = BUILT_PRODUCTS_DIR; };
		AB586F821A173F8200E8D00E /* Info.plist */ = {isa = PBXFileReference; lastKnownFileType = text.plist.xml; path = Info.plist; sourceTree = "<group>"; };
		AB586F831A173F8200E8D00E /* main.m */ = {isa = PBXFileReference; lastKnownFileType = sourcecode.c.objc; path = main.m; sourceTree = "<group>"; };
		AB586F8E1A173F8200E8D00E /* Images.xcassets */ = {isa = PBXFileReference; lastKnownFileType = folder.assetcatalog; path = Images.xcassets; sourceTree = "<group>"; };
		AB586F911A173F8200E8D00E /* Base */ = {isa = PBXFileReference; lastKnownFileType = file.xib; name = Base; path = Base.lproj/LaunchScreen.xib; sourceTree = "<group>"; };
		AB586F971A173F8200E8D00E /* BlinchTests.xctest */ = {isa = PBXFileReference; explicitFileType = wrapper.cfbundle; includeInIndex = 0; path = BlinchTests.xctest; sourceTree = BUILT_PRODUCTS_DIR; };
		AB586F9C1A173F8300E8D00E /* Info.plist */ = {isa = PBXFileReference; lastKnownFileType = text.plist.xml; path = Info.plist; sourceTree = "<group>"; };
		AB586F9D1A173F8300E8D00E /* BlinchTests.m */ = {isa = PBXFileReference; lastKnownFileType = sourcecode.c.objc; path = BlinchTests.m; sourceTree = "<group>"; };
		AB586FA71A17495100E8D00E /* BLIHistoryTableViewController.h */ = {isa = PBXFileReference; fileEncoding = 4; lastKnownFileType = sourcecode.c.h; path = BLIHistoryTableViewController.h; sourceTree = "<group>"; };
		AB586FA81A17495100E8D00E /* BLIHistoryTableViewController.m */ = {isa = PBXFileReference; fileEncoding = 4; lastKnownFileType = sourcecode.c.objc; path = BLIHistoryTableViewController.m; sourceTree = "<group>"; };
		AB586FA91A17495100E8D00E /* BLIHistoryTableViewCell.h */ = {isa = PBXFileReference; fileEncoding = 4; lastKnownFileType = sourcecode.c.h; path = BLIHistoryTableViewCell.h; sourceTree = "<group>"; };
		AB586FAA1A17495100E8D00E /* BLIHistoryTableViewCell.m */ = {isa = PBXFileReference; fileEncoding = 4; lastKnownFileType = sourcecode.c.objc; path = BLIHistoryTableViewCell.m; sourceTree = "<group>"; };
		AB586FAD1A1749E500E8D00E /* Main.storyboard */ = {isa = PBXFileReference; fileEncoding = 4; lastKnownFileType = file.storyboard; path = Main.storyboard; sourceTree = "<group>"; };
		AB586FAF1A174A3E00E8D00E /* BLIRegistrationViewController.h */ = {isa = PBXFileReference; fileEncoding = 4; lastKnownFileType = sourcecode.c.h; path = BLIRegistrationViewController.h; sourceTree = "<group>"; };
		AB586FB01A174A3E00E8D00E /* BLIRegistrationViewController.m */ = {isa = PBXFileReference; fileEncoding = 4; lastKnownFileType = sourcecode.c.objc; path = BLIRegistrationViewController.m; sourceTree = "<group>"; };
		AB586FB11A174A3E00E8D00E /* BLICheckInViewController.h */ = {isa = PBXFileReference; fileEncoding = 4; lastKnownFileType = sourcecode.c.h; path = BLICheckInViewController.h; sourceTree = "<group>"; };
		AB586FB21A174A3E00E8D00E /* BLICheckInViewController.m */ = {isa = PBXFileReference; fileEncoding = 4; lastKnownFileType = sourcecode.c.objc; path = BLICheckInViewController.m; sourceTree = "<group>"; };
		AB586FB31A174A3E00E8D00E /* BLIDrawPartnerViewController.h */ = {isa = PBXFileReference; fileEncoding = 4; lastKnownFileType = sourcecode.c.h; path = BLIDrawPartnerViewController.h; sourceTree = "<group>"; };
		AB586FB41A174A3E00E8D00E /* BLIDrawPartnerViewController.m */ = {isa = PBXFileReference; fileEncoding = 4; lastKnownFileType = sourcecode.c.objc; path = BLIDrawPartnerViewController.m; sourceTree = "<group>"; };
		AB586FB51A174A3E00E8D00E /* BLIPickerView.h */ = {isa = PBXFileReference; fileEncoding = 4; lastKnownFileType = sourcecode.c.h; path = BLIPickerView.h; sourceTree = "<group>"; };
		AB586FB61A174A3E00E8D00E /* BLIPickerView.m */ = {isa = PBXFileReference; fileEncoding = 4; lastKnownFileType = sourcecode.c.objc; path = BLIPickerView.m; sourceTree = "<group>"; };
		AB586FB71A174A3E00E8D00E /* BLILotteryViewController.h */ = {isa = PBXFileReference; fileEncoding = 4; lastKnownFileType = sourcecode.c.h; path = BLILotteryViewController.h; sourceTree = "<group>"; };
		AB586FB81A174A3E00E8D00E /* BLILotteryViewController.m */ = {isa = PBXFileReference; fileEncoding = 4; lastKnownFileType = sourcecode.c.objc; path = BLILotteryViewController.m; sourceTree = "<group>"; };
		AB586FBF1A174CD200E8D00E /* Blunch_Logo640w.png */ = {isa = PBXFileReference; lastKnownFileType = image.png; path = Blunch_Logo640w.png; sourceTree = "<group>"; };
		AB586FC11A174CEB00E8D00E /* Montserrat-Bold.ttf */ = {isa = PBXFileReference; lastKnownFileType = file; path = "Montserrat-Bold.ttf"; sourceTree = "<group>"; };
		AB586FC21A174CEB00E8D00E /* Montserrat-Regular.ttf */ = {isa = PBXFileReference; lastKnownFileType = file; path = "Montserrat-Regular.ttf"; sourceTree = "<group>"; };
		AB586FC41A17502200E8D00E /* AppDelegate.h */ = {isa = PBXFileReference; fileEncoding = 4; lastKnownFileType = sourcecode.c.h; path = AppDelegate.h; sourceTree = "<group>"; };
		AB586FC51A17502200E8D00E /* AppDelegate.m */ = {isa = PBXFileReference; fileEncoding = 4; lastKnownFileType = sourcecode.c.objc; path = AppDelegate.m; sourceTree = "<group>"; };
		ABFA472B1A272CA300E08D57 /* BLILaunchImage_w2208_h2208.png */ = {isa = PBXFileReference; lastKnownFileType = image.png; path = BLILaunchImage_w2208_h2208.png; sourceTree = "<group>"; };
		ABFA472D1A272D5600E08D57 /* BLILaunchImage_Logo.png */ = {isa = PBXFileReference; lastKnownFileType = image.png; path = BLILaunchImage_Logo.png; sourceTree = "<group>"; };
		AC237BED1ACE80F6B3109222 /* libPods.a */ = {isa = PBXFileReference; explicitFileType = archive.ar; includeInIndex = 0; path = libPods.a; sourceTree = BUILT_PRODUCTS_DIR; };
/* End PBXFileReference section */

/* Begin PBXFrameworksBuildPhase section */
		AB586F7B1A173F8200E8D00E /* Frameworks */ = {
			isa = PBXFrameworksBuildPhase;
			buildActionMask = 2147483647;
			files = (
				7563CD761BE804A400BC337D /* StoreKit.framework in Frameworks */,
				7563CD741BE8048900BC337D /* CoreMotion.framework in Frameworks */,
				7563CD721BE8046F00BC337D /* AdSupport.framework in Frameworks */,
				7563CD701BE8045700BC337D /* CoreMedia.framework in Frameworks */,
				7563CD6E1BE8043700BC337D /* AVFoundation.framework in Frameworks */,
			);
			runOnlyForDeploymentPostprocessing = 0;
		};
		AB586F941A173F8200E8D00E /* Frameworks */ = {
			isa = PBXFrameworksBuildPhase;
			buildActionMask = 2147483647;
			files = (
			);
			runOnlyForDeploymentPostprocessing = 0;
		};
/* End PBXFrameworksBuildPhase section */

/* Begin PBXGroup section */
		752D679E1A5BFBF50099045E /* Facade */ = {
			isa = PBXGroup;
			children = (
				752D67A21A5BFC8F0099045E /* BLIFacadeManager.h */,
				752D67A31A5BFC8F0099045E /* BLIFacadeManager.m */,
			);
			name = Facade;
			sourceTree = "<group>";
		};
		752D679F1A5BFC020099045E /* Business */ = {
			isa = PBXGroup;
			children = (
			);
			name = Business;
			sourceTree = "<group>";
		};
		752D67A01A5BFC250099045E /* UI */ = {
			isa = PBXGroup;
			children = (
				75731EF41C56AF9100330424 /* BLILandingViewController.h */,
				75731EF51C56AF9100330424 /* BLILandingViewController.m */,
				75731EF91C56B44F00330424 /* BLILoginViewController.h */,
				75731EFA1C56B44F00330424 /* BLILoginViewController.m */,
				75731EFC1C56C5FB00330424 /* BLILoginProcessViewController.h */,
				75731EFD1C56C5FB00330424 /* BLILoginProcessViewController.m */,
				AB586FAF1A174A3E00E8D00E /* BLIRegistrationViewController.h */,
				AB586FB01A174A3E00E8D00E /* BLIRegistrationViewController.m */,
				75731EFF1C56E17C00330424 /* BLIRegistrationProcessingViewController.h */,
				75731F001C56E17C00330424 /* BLIRegistrationProcessingViewController.m */,
				AB586FB11A174A3E00E8D00E /* BLICheckInViewController.h */,
				AB586FB21A174A3E00E8D00E /* BLICheckInViewController.m */,
				AB586FB31A174A3E00E8D00E /* BLIDrawPartnerViewController.h */,
				AB586FB41A174A3E00E8D00E /* BLIDrawPartnerViewController.m */,
				AB586FB51A174A3E00E8D00E /* BLIPickerView.h */,
				AB586FB61A174A3E00E8D00E /* BLIPickerView.m */,
				AB586FB71A174A3E00E8D00E /* BLILotteryViewController.h */,
				AB586FB81A174A3E00E8D00E /* BLILotteryViewController.m */,
				AB586FAD1A1749E500E8D00E /* Main.storyboard */,
				AB586FA71A17495100E8D00E /* BLIHistoryTableViewController.h */,
				AB586FA81A17495100E8D00E /* BLIHistoryTableViewController.m */,
				AB586FA91A17495100E8D00E /* BLIHistoryTableViewCell.h */,
				AB586FAA1A17495100E8D00E /* BLIHistoryTableViewCell.m */,
			);
			name = UI;
			sourceTree = "<group>";
		};
		752D67A11A5BFC360099045E /* Integration */ = {
			isa = PBXGroup;
			children = (
			);
			name = Integration;
			sourceTree = "<group>";
		};
		AB586F751A173F8200E8D00E = {
			isa = PBXGroup;
			children = (
				AB586F801A173F8200E8D00E /* Blinch */,
				AB586F9A1A173F8200E8D00E /* BlinchTests */,
				AB586F7F1A173F8200E8D00E /* Products */,
				AFF862416C3CE3F04277F2B1 /* Frameworks */,
			);
			sourceTree = "<group>";
		};
		AB586F7F1A173F8200E8D00E /* Products */ = {
			isa = PBXGroup;
			children = (
				AB586F7E1A173F8200E8D00E /* Blinch.app */,
				AB586F971A173F8200E8D00E /* BlinchTests.xctest */,
			);
			name = Products;
			sourceTree = "<group>";
		};
		AB586F801A173F8200E8D00E /* Blinch */ = {
			isa = PBXGroup;
			children = (
				751C37351C569BB800777DEC /* BLIConstants.h */,
				751C37361C569BB800777DEC /* BLIConstants.m */,
				752D67A01A5BFC250099045E /* UI */,
				752D679E1A5BFBF50099045E /* Facade */,
				752D679F1A5BFC020099045E /* Business */,
				752D67A11A5BFC360099045E /* Integration */,
				AB586FC41A17502200E8D00E /* AppDelegate.h */,
				AB586FC51A17502200E8D00E /* AppDelegate.m */,
				AB586F8E1A173F8200E8D00E /* Images.xcassets */,
				AB586F901A173F8200E8D00E /* LaunchScreen.xib */,
				AB586FBE1A174A7D00E8D00E /* Ressource */,
				AB586F811A173F8200E8D00E /* Supporting Files */,
			);
			path = Blinch;
			sourceTree = "<group>";
		};
		AB586F811A173F8200E8D00E /* Supporting Files */ = {
			isa = PBXGroup;
			children = (
				AB586F821A173F8200E8D00E /* Info.plist */,
				AB586F831A173F8200E8D00E /* main.m */,
				752D67A61A5C297C0099045E /* Blinch-Prefix.pch */,
			);
			name = "Supporting Files";
			sourceTree = "<group>";
		};
		AB586F9A1A173F8200E8D00E /* BlinchTests */ = {
			isa = PBXGroup;
			children = (
				AB586F9D1A173F8300E8D00E /* BlinchTests.m */,
				AB586F9B1A173F8200E8D00E /* Supporting Files */,
			);
			path = BlinchTests;
			sourceTree = "<group>";
		};
		AB586F9B1A173F8200E8D00E /* Supporting Files */ = {
			isa = PBXGroup;
			children = (
				AB586F9C1A173F8300E8D00E /* Info.plist */,
			);
			name = "Supporting Files";
			sourceTree = "<group>";
		};
		AB586FBE1A174A7D00E8D00E /* Ressource */ = {
			isa = PBXGroup;
			children = (
				ABFA47221A27238800E08D57 /* Images */,
				AB586FC31A174CF000E8D00E /* Fonts */,
			);
			name = Ressource;
			sourceTree = "<group>";
		};
		AB586FC31A174CF000E8D00E /* Fonts */ = {
			isa = PBXGroup;
			children = (
				AB586FC11A174CEB00E8D00E /* Montserrat-Bold.ttf */,
				AB586FC21A174CEB00E8D00E /* Montserrat-Regular.ttf */,
			);
			name = Fonts;
			sourceTree = "<group>";
		};
		ABFA47221A27238800E08D57 /* Images */ = {
			isa = PBXGroup;
			children = (
				ABFA472D1A272D5600E08D57 /* BLILaunchImage_Logo.png */,
				ABFA472B1A272CA300E08D57 /* BLILaunchImage_w2208_h2208.png */,
				AB586FBF1A174CD200E8D00E /* Blunch_Logo640w.png */,
			);
			name = Images;
			sourceTree = "<group>";
		};
		AFF862416C3CE3F04277F2B1 /* Frameworks */ = {
			isa = PBXGroup;
			children = (
				7563CD751BE804A400BC337D /* StoreKit.framework */,
				7563CD731BE8048900BC337D /* CoreMotion.framework */,
				7563CD711BE8046F00BC337D /* AdSupport.framework */,
				7563CD6F1BE8045700BC337D /* CoreMedia.framework */,
				7563CD6D1BE8043700BC337D /* AVFoundation.framework */,
				7563CD631BE802F600BC337D /* FBAudienceNetwork.framework */,
				7563CD641BE802F600BC337D /* FBSDKCoreKit.framework */,
				7563CD651BE802F600BC337D /* FBSDKLoginKit.framework */,
				7563CD661BE802F600BC337D /* FBSDKMessengerShareKit.framework */,
				7563CD671BE802F600BC337D /* FBSDKShareKit.framework */,
				AC237BED1ACE80F6B3109222 /* libPods.a */,
			);
			name = Frameworks;
			sourceTree = "<group>";
		};
/* End PBXGroup section */

/* Begin PBXNativeTarget section */
		AB586F7D1A173F8200E8D00E /* Blinch */ = {
			isa = PBXNativeTarget;
			buildConfigurationList = AB586FA11A173F8300E8D00E /* Build configuration list for PBXNativeTarget "Blinch" */;
			buildPhases = (
				AB586F7A1A173F8200E8D00E /* Sources */,
				AB586F7B1A173F8200E8D00E /* Frameworks */,
				AB586F7C1A173F8200E8D00E /* Resources */,
			);
			buildRules = (
			);
			dependencies = (
			);
			name = Blinch;
			productName = Blinch;
			productReference = AB586F7E1A173F8200E8D00E /* Blinch.app */;
			productType = "com.apple.product-type.application";
		};
		AB586F961A173F8200E8D00E /* BlinchTests */ = {
			isa = PBXNativeTarget;
			buildConfigurationList = AB586FA41A173F8300E8D00E /* Build configuration list for PBXNativeTarget "BlinchTests" */;
			buildPhases = (
				AB586F931A173F8200E8D00E /* Sources */,
				AB586F941A173F8200E8D00E /* Frameworks */,
				AB586F951A173F8200E8D00E /* Resources */,
			);
			buildRules = (
			);
			dependencies = (
				AB586F991A173F8200E8D00E /* PBXTargetDependency */,
			);
			name = BlinchTests;
			productName = BlinchTests;
			productReference = AB586F971A173F8200E8D00E /* BlinchTests.xctest */;
			productType = "com.apple.product-type.bundle.unit-test";
		};
/* End PBXNativeTarget section */

/* Begin PBXProject section */
		AB586F761A173F8200E8D00E /* Project object */ = {
			isa = PBXProject;
			attributes = {
				LastUpgradeCheck = 0720;
				ORGANIZATIONNAME = "Oberst Tanja";
				TargetAttributes = {
					AB586F7D1A173F8200E8D00E = {
						CreatedOnToolsVersion = 6.1;
					};
					AB586F961A173F8200E8D00E = {
						CreatedOnToolsVersion = 6.1;
						TestTargetID = AB586F7D1A173F8200E8D00E;
					};
				};
			};
			buildConfigurationList = AB586F791A173F8200E8D00E /* Build configuration list for PBXProject "Blinch" */;
			compatibilityVersion = "Xcode 3.2";
			developmentRegion = English;
			hasScannedForEncodings = 0;
			knownRegions = (
				en,
				Base,
			);
			mainGroup = AB586F751A173F8200E8D00E;
			productRefGroup = AB586F7F1A173F8200E8D00E /* Products */;
			projectDirPath = "";
			projectRoot = "";
			targets = (
				AB586F7D1A173F8200E8D00E /* Blinch */,
				AB586F961A173F8200E8D00E /* BlinchTests */,
			);
		};
/* End PBXProject section */

/* Begin PBXResourcesBuildPhase section */
		AB586F7C1A173F8200E8D00E /* Resources */ = {
			isa = PBXResourcesBuildPhase;
			buildActionMask = 2147483647;
			files = (
				AB586FAE1A1749E500E8D00E /* Main.storyboard in Resources */,
				ABFA472E1A272D5600E08D57 /* BLILaunchImage_Logo.png in Resources */,
				AB586F921A173F8200E8D00E /* LaunchScreen.xib in Resources */,
				AB586F8F1A173F8200E8D00E /* Images.xcassets in Resources */,
				AB586FC01A174CD200E8D00E /* Blunch_Logo640w.png in Resources */,
				ABFA472C1A272CA300E08D57 /* BLILaunchImage_w2208_h2208.png in Resources */,
			);
			runOnlyForDeploymentPostprocessing = 0;
		};
		AB586F951A173F8200E8D00E /* Resources */ = {
			isa = PBXResourcesBuildPhase;
			buildActionMask = 2147483647;
			files = (
			);
			runOnlyForDeploymentPostprocessing = 0;
		};
/* End PBXResourcesBuildPhase section */

/* Begin PBXSourcesBuildPhase section */
		AB586F7A1A173F8200E8D00E /* Sources */ = {
			isa = PBXSourcesBuildPhase;
			buildActionMask = 2147483647;
			files = (
				75731F011C56E17C00330424 /* BLIRegistrationProcessingViewController.m in Sources */,
				AB586FAC1A17495100E8D00E /* BLIHistoryTableViewCell.m in Sources */,
				752D67A41A5BFC8F0099045E /* BLIFacadeManager.m in Sources */,
				AB586FBC1A174A3E00E8D00E /* BLIPickerView.m in Sources */,
				AB586FC61A17502200E8D00E /* AppDelegate.m in Sources */,
				75731EF61C56AF9100330424 /* BLILandingViewController.m in Sources */,
				AB586FBA1A174A3E00E8D00E /* BLICheckInViewController.m in Sources */,
				75731EFB1C56B44F00330424 /* BLILoginViewController.m in Sources */,
				AB586FAB1A17495100E8D00E /* BLIHistoryTableViewController.m in Sources */,
				AB586FBD1A174A3E00E8D00E /* BLILotteryViewController.m in Sources */,
				AB586FBB1A174A3E00E8D00E /* BLIDrawPartnerViewController.m in Sources */,
				751C37371C569BB800777DEC /* BLIConstants.m in Sources */,
				AB586F841A173F8200E8D00E /* main.m in Sources */,
				75731EFE1C56C5FB00330424 /* BLILoginProcessViewController.m in Sources */,
				AB586FB91A174A3E00E8D00E /* BLIRegistrationViewController.m in Sources */,
			);
			runOnlyForDeploymentPostprocessing = 0;
		};
		AB586F931A173F8200E8D00E /* Sources */ = {
			isa = PBXSourcesBuildPhase;
			buildActionMask = 2147483647;
			files = (
				AB586F9E1A173F8300E8D00E /* BlinchTests.m in Sources */,
			);
			runOnlyForDeploymentPostprocessing = 0;
		};
/* End PBXSourcesBuildPhase section */

/* Begin PBXTargetDependency section */
		AB586F991A173F8200E8D00E /* PBXTargetDependency */ = {
			isa = PBXTargetDependency;
			target = AB586F7D1A173F8200E8D00E /* Blinch */;
			targetProxy = AB586F981A173F8200E8D00E /* PBXContainerItemProxy */;
		};
/* End PBXTargetDependency section */

/* Begin PBXVariantGroup section */
		AB586F901A173F8200E8D00E /* LaunchScreen.xib */ = {
			isa = PBXVariantGroup;
			children = (
				AB586F911A173F8200E8D00E /* Base */,
			);
			name = LaunchScreen.xib;
			sourceTree = "<group>";
		};
/* End PBXVariantGroup section */

/* Begin XCBuildConfiguration section */
		AB586F9F1A173F8300E8D00E /* Debug */ = {
			isa = XCBuildConfiguration;
			buildSettings = {
				ALWAYS_SEARCH_USER_PATHS = NO;
				CLANG_CXX_LANGUAGE_STANDARD = "gnu++0x";
				CLANG_CXX_LIBRARY = "libc++";
				CLANG_ENABLE_MODULES = YES;
				CLANG_ENABLE_OBJC_ARC = YES;
				CLANG_WARN_BOOL_CONVERSION = YES;
				CLANG_WARN_CONSTANT_CONVERSION = YES;
				CLANG_WARN_DIRECT_OBJC_ISA_USAGE = YES_ERROR;
				CLANG_WARN_EMPTY_BODY = YES;
				CLANG_WARN_ENUM_CONVERSION = YES;
				CLANG_WARN_INT_CONVERSION = YES;
				CLANG_WARN_OBJC_ROOT_CLASS = YES_ERROR;
				CLANG_WARN_UNREACHABLE_CODE = YES;
				CLANG_WARN__DUPLICATE_METHOD_MATCH = YES;
				"CODE_SIGN_IDENTITY[sdk=iphoneos*]" = "iPhone Developer";
				COPY_PHASE_STRIP = NO;
				ENABLE_STRICT_OBJC_MSGSEND = YES;
				ENABLE_TESTABILITY = YES;
				GCC_C_LANGUAGE_STANDARD = gnu99;
				GCC_DYNAMIC_NO_PIC = NO;
				GCC_OPTIMIZATION_LEVEL = 0;
				GCC_PREPROCESSOR_DEFINITIONS = (
					"DEBUG=1",
					"$(inherited)",
				);
				GCC_SYMBOLS_PRIVATE_EXTERN = NO;
				GCC_WARN_64_TO_32_BIT_CONVERSION = YES;
				GCC_WARN_ABOUT_RETURN_TYPE = YES_ERROR;
				GCC_WARN_UNDECLARED_SELECTOR = YES;
				GCC_WARN_UNINITIALIZED_AUTOS = YES_AGGRESSIVE;
				GCC_WARN_UNUSED_FUNCTION = YES;
				GCC_WARN_UNUSED_VARIABLE = YES;
				IPHONEOS_DEPLOYMENT_TARGET = 8.1;
				MTL_ENABLE_DEBUG_INFO = YES;
				ONLY_ACTIVE_ARCH = YES;
				SDKROOT = iphoneos;
			};
			name = Debug;
		};
		AB586FA01A173F8300E8D00E /* Release */ = {
			isa = XCBuildConfiguration;
			buildSettings = {
				ALWAYS_SEARCH_USER_PATHS = NO;
				CLANG_CXX_LANGUAGE_STANDARD = "gnu++0x";
				CLANG_CXX_LIBRARY = "libc++";
				CLANG_ENABLE_MODULES = YES;
				CLANG_ENABLE_OBJC_ARC = YES;
				CLANG_WARN_BOOL_CONVERSION = YES;
				CLANG_WARN_CONSTANT_CONVERSION = YES;
				CLANG_WARN_DIRECT_OBJC_ISA_USAGE = YES_ERROR;
				CLANG_WARN_EMPTY_BODY = YES;
				CLANG_WARN_ENUM_CONVERSION = YES;
				CLANG_WARN_INT_CONVERSION = YES;
				CLANG_WARN_OBJC_ROOT_CLASS = YES_ERROR;
				CLANG_WARN_UNREACHABLE_CODE = YES;
				CLANG_WARN__DUPLICATE_METHOD_MATCH = YES;
				"CODE_SIGN_IDENTITY[sdk=iphoneos*]" = "iPhone Developer";
				COPY_PHASE_STRIP = YES;
				ENABLE_NS_ASSERTIONS = NO;
				ENABLE_STRICT_OBJC_MSGSEND = YES;
				GCC_C_LANGUAGE_STANDARD = gnu99;
				GCC_WARN_64_TO_32_BIT_CONVERSION = YES;
				GCC_WARN_ABOUT_RETURN_TYPE = YES_ERROR;
				GCC_WARN_UNDECLARED_SELECTOR = YES;
				GCC_WARN_UNINITIALIZED_AUTOS = YES_AGGRESSIVE;
				GCC_WARN_UNUSED_FUNCTION = YES;
				GCC_WARN_UNUSED_VARIABLE = YES;
				IPHONEOS_DEPLOYMENT_TARGET = 8.1;
				MTL_ENABLE_DEBUG_INFO = NO;
				SDKROOT = iphoneos;
				VALIDATE_PRODUCT = YES;
			};
			name = Release;
		};
		AB586FA21A173F8300E8D00E /* Debug */ = {
			isa = XCBuildConfiguration;
			buildSettings = {
				ASSETCATALOG_COMPILER_APPICON_NAME = AppIcon;
				ASSETCATALOG_COMPILER_LAUNCHIMAGE_NAME = LaunchImage;
				FRAMEWORK_SEARCH_PATHS = (
					"$(inherited)",
					"$(PROJECT_DIR)/3rd",
				);
				INFOPLIST_FILE = Blinch/Info.plist;
				IPHONEOS_DEPLOYMENT_TARGET = 8.0;
				LD_RUNPATH_SEARCH_PATHS = "$(inherited) @executable_path/Frameworks";
				PRODUCT_BUNDLE_IDENTIFIER = com.blinch.app;
				PRODUCT_NAME = "$(TARGET_NAME)";
			};
			name = Debug;
		};
		AB586FA31A173F8300E8D00E /* Release */ = {
			isa = XCBuildConfiguration;
			buildSettings = {
				ASSETCATALOG_COMPILER_APPICON_NAME = AppIcon;
				ASSETCATALOG_COMPILER_LAUNCHIMAGE_NAME = LaunchImage;
				FRAMEWORK_SEARCH_PATHS = (
					"$(inherited)",
					"$(PROJECT_DIR)/3rd",
				);
				INFOPLIST_FILE = Blinch/Info.plist;
				IPHONEOS_DEPLOYMENT_TARGET = 8.0;
				LD_RUNPATH_SEARCH_PATHS = "$(inherited) @executable_path/Frameworks";
				PRODUCT_BUNDLE_IDENTIFIER = com.blinch.app;
				PRODUCT_NAME = "$(TARGET_NAME)";
			};
			name = Release;
		};
		AB586FA51A173F8300E8D00E /* Debug */ = {
			isa = XCBuildConfiguration;
			buildSettings = {
				BUNDLE_LOADER = "$(TEST_HOST)";
				FRAMEWORK_SEARCH_PATHS = (
					"$(SDKROOT)/Developer/Library/Frameworks",
					"$(inherited)",
				);
				GCC_PREPROCESSOR_DEFINITIONS = (
					"DEBUG=1",
					"$(inherited)",
				);
				INFOPLIST_FILE = BlinchTests/Info.plist;
				LD_RUNPATH_SEARCH_PATHS = "$(inherited) @executable_path/Frameworks @loader_path/Frameworks";
				PRODUCT_BUNDLE_IDENTIFIER = "BLI.$(PRODUCT_NAME:rfc1034identifier)";
				PRODUCT_NAME = "$(TARGET_NAME)";
				TEST_HOST = "$(BUILT_PRODUCTS_DIR)/Blinch.app/Blinch";
			};
			name = Debug;
		};
		AB586FA61A173F8300E8D00E /* Release */ = {
			isa = XCBuildConfiguration;
			buildSettings = {
				BUNDLE_LOADER = "$(TEST_HOST)";
				FRAMEWORK_SEARCH_PATHS = (
					"$(SDKROOT)/Developer/Library/Frameworks",
					"$(inherited)",
				);
				INFOPLIST_FILE = BlinchTests/Info.plist;
				LD_RUNPATH_SEARCH_PATHS = "$(inherited) @executable_path/Frameworks @loader_path/Frameworks";
				PRODUCT_BUNDLE_IDENTIFIER = "BLI.$(PRODUCT_NAME:rfc1034identifier)";
				PRODUCT_NAME = "$(TARGET_NAME)";
				TEST_HOST = "$(BUILT_PRODUCTS_DIR)/Blinch.app/Blinch";
			};
			name = Release;
		};
/* End XCBuildConfiguration section */

/* Begin XCConfigurationList section */
		AB586F791A173F8200E8D00E /* Build configuration list for PBXProject "Blinch" */ = {
			isa = XCConfigurationList;
			buildConfigurations = (
				AB586F9F1A173F8300E8D00E /* Debug */,
				AB586FA01A173F8300E8D00E /* Release */,
			);
			defaultConfigurationIsVisible = 0;
			defaultConfigurationName = Release;
		};
		AB586FA11A173F8300E8D00E /* Build configuration list for PBXNativeTarget "Blinch" */ = {
			isa = XCConfigurationList;
			buildConfigurations = (
				AB586FA21A173F8300E8D00E /* Debug */,
				AB586FA31A173F8300E8D00E /* Release */,
			);
			defaultConfigurationIsVisible = 0;
			defaultConfigurationName = Release;
		};
		AB586FA41A173F8300E8D00E /* Build configuration list for PBXNativeTarget "BlinchTests" */ = {
			isa = XCConfigurationList;
			buildConfigurations = (
				AB586FA51A173F8300E8D00E /* Debug */,
				AB586FA61A173F8300E8D00E /* Release */,
			);
			defaultConfigurationIsVisible = 0;
			defaultConfigurationName = Release;
		};
/* End XCConfigurationList section */
	};
	rootObject = AB586F761A173F8200E8D00E /* Project object */;
}
